{
  "version": 4,
  "terraform_version": "1.8.0",
  "serial": 1,
  "lineage": "57cc4290-4458-9177-0e66-f05e2fd52ed3",
  "outputs": {},
  "resources": [
    {
      "mode": "data",
      "type": "http",
      "name": "chuck_norris_joke",
      "provider": "provider[\"registry.terraform.io/hashicorp/http\"]",
      "instances": [
        {
          "schema_version": 0,
          "attributes": {
            "body": "{\"categories\":[],\"created_at\":\"2020-01-05 13:42:21.179347\",\"icon_url\":\"https://assets.chucknorris.host/img/avatar/chuck-norris.png\",\"id\":\"zQQjWwcOSTC719AHzG7Faw\",\"updated_at\":\"2020-01-05 13:42:21.179347\",\"url\":\"https://api.chucknorris.io/jokes/zQQjWwcOSTC719AHzG7Faw\",\"value\":\"Chuck Norris quit his NRA membership because he thought they were too Liberal.\"}",
            "ca_cert_pem": null,
            "id": "https://api.chucknorris.io/jokes/random",
            "insecure": null,
            "method": null,
            "request_body": null,
            "request_headers": null,
            "request_timeout_ms": null,
            "response_body": "{\"categories\":[],\"created_at\":\"2020-01-05 13:42:21.179347\",\"icon_url\":\"https://assets.chucknorris.host/img/avatar/chuck-norris.png\",\"id\":\"zQQjWwcOSTC719AHzG7Faw\",\"updated_at\":\"2020-01-05 13:42:21.179347\",\"url\":\"https://api.chucknorris.io/jokes/zQQjWwcOSTC719AHzG7Faw\",\"value\":\"Chuck Norris quit his NRA membership because he thought they were too Liberal.\"}",
            "response_body_base64": "eyJjYXRlZ29yaWVzIjpbXSwiY3JlYXRlZF9hdCI6IjIwMjAtMDEtMDUgMTM6NDI6MjEuMTc5MzQ3IiwiaWNvbl91cmwiOiJodHRwczovL2Fzc2V0cy5jaHVja25vcnJpcy5ob3N0L2ltZy9hdmF0YXIvY2h1Y2stbm9ycmlzLnBuZyIsImlkIjoielFRald3Y09TVEM3MTlBSHpHN0ZhdyIsInVwZGF0ZWRfYXQiOiIyMDIwLTAxLTA1IDEzOjQyOjIxLjE3OTM0NyIsInVybCI6Imh0dHBzOi8vYXBpLmNodWNrbm9ycmlzLmlvL2pva2VzL3pRUWpXd2NPU1RDNzE5QUh6RzdGYXciLCJ2YWx1ZSI6IkNodWNrIE5vcnJpcyBxdWl0IGhpcyBOUkEgbWVtYmVyc2hpcCBiZWNhdXNlIGhlIHRob3VnaHQgdGhleSB3ZXJlIHRvbyBMaWJlcmFsLiJ9",
            "response_headers": {
              "Alt-Svc": "h3=\":443\"; ma=86400",
              "Cf-Cache-Status": "DYNAMIC",
              "Cf-Ray": "874f06ca6c9c021a-CDG",
              "Content-Type": "application/json;charset=UTF-8",
              "Date": "Mon, 15 Apr 2024 21:28:38 GMT",
              "Nel": "{\"report_to\":\"heroku-nel\",\"max_age\":3600,\"success_fraction\":0.005,\"failure_fraction\":0.05,\"response_headers\":[\"Via\"]}",
              "Report-To": "{\"group\":\"heroku-nel\",\"max_age\":3600,\"endpoints\":[{\"url\":\"https://nel.heroku.com/reports?ts=1713216518\u0026sid=812dcc77-0bd0-43b1-a5f1-b25750382959\u0026s=zF0rNzfkc86RIWYW8cKXwBBNuK7TruMa%2BUXeyj%2FHfJ8%3D\"}]}",
              "Reporting-Endpoints": "heroku-nel=https://nel.heroku.com/reports?ts=1713216518\u0026sid=812dcc77-0bd0-43b1-a5f1-b25750382959\u0026s=zF0rNzfkc86RIWYW8cKXwBBNuK7TruMa%2BUXeyj%2FHfJ8%3D",
              "Server": "cloudflare",
              "Via": "1.1 vegur"
            },
            "retry": null,
            "status_code": 200,
            "url": "https://api.chucknorris.io/jokes/random"
          },
          "sensitive_attributes": []
        }
      ]
    },
    {
      "mode": "managed",
      "type": "local_file",
      "name": "chuck_norris_joke",
      "provider": "provider[\"registry.terraform.io/hashicorp/local\"]",
      "instances": [
        {
          "schema_version": 0,
          "attributes": {
            "content": "{\"categories\":[],\"created_at\":\"2020-01-05 13:42:21.179347\",\"icon_url\":\"https://assets.chucknorris.host/img/avatar/chuck-norris.png\",\"id\":\"zQQjWwcOSTC719AHzG7Faw\",\"updated_at\":\"2020-01-05 13:42:21.179347\",\"url\":\"https://api.chucknorris.io/jokes/zQQjWwcOSTC719AHzG7Faw\",\"value\":\"Chuck Norris quit his NRA membership because he thought they were too Liberal.\"}",
            "content_base64": null,
            "content_base64sha256": "Px+1+PD48esJfafrfu2mAf+KYtstZ5MK9WxsnUWe/Mk=",
            "content_base64sha512": "leVCy1poFZ0pKhbPXx13y2qknpRRXz/bOUX37W2boDXW4rzrjctdflmAwi4G5iF6SlVGuzcEEOranTu97hxtsw==",
            "content_md5": "7e05346ac9643539e2e93fea52ee98f1",
            "content_sha1": "990ae8b29fab9f419cbb3f277bad98fe873b420b",
            "content_sha256": "3f1fb5f8f0f8f1eb097da7eb7eeda601ff8a62db2d67930af56c6c9d459efcc9",
            "content_sha512": "95e542cb5a68159d292a16cf5f1d77cb6aa49e94515f3fdb3945f7ed6d9ba035d6e2bceb8dcb5d7e5980c22e06e6217a4a5546bb370410eada9d3bbdee1c6db3",
            "directory_permission": "0777",
            "file_permission": "0777",
            "filename": "chuck_norris_joke.json",
            "id": "990ae8b29fab9f419cbb3f277bad98fe873b420b",
            "sensitive_content": null,
            "source": null
          },
          "sensitive_attributes": [
            [
              {
                "type": "get_attr",
                "value": "sensitive_content"
              }
            ]
          ],
          "dependencies": [
            "data.http.chuck_norris_joke"
          ]
        }
      ]
    }
  ],
  "check_results": null
}
